
Microsoft Visual Studio Solution File, Format Version 12.00
# Visual Studio Version 17
VisualStudioVersion = 17.7.34031.279
MinimumVisualStudioVersion = 10.0.40219.1
Project("{FAE04EC0-301F-11D3-BF4B-00C04F79EFBC}") = "lab1solodkaya", "lab1solodkaya\lab1solodkaya.csproj", "{F1B1388B-069B-49CD-A8DB-675153E2BEE4}"
EndProject
Global
	GlobalSection(SolutionConfigurationPlatforms) = preSolution
		Debug|Any CPU = Debug|Any CPU
		Release|Any CPU = Release|Any CPU
	EndGlobalSection
	GlobalSection(ProjectConfigurationPlatforms) = postSolution
		{F1B1388B-069B-49CD-A8DB-675153E2BEE4}.Debug|Any CPU.ActiveCfg = Debug|Any CPU
		{F1B1388B-069B-49CD-A8DB-675153E2BEE4}.Debug|Any CPU.Build.0 = Debug|Any CPU
		{F1B1388B-069B-49CD-A8DB-675153E2BEE4}.Release|Any CPU.ActiveCfg = Release|Any CPU
		{F1B1388B-069B-49CD-A8DB-675153E2BEE4}.Release|Any CPU.Build.0 = Release|Any CPU
	EndGlobalSection
	GlobalSection(SolutionProperties) = preSolution
		HideSolutionNode = FALSE
	EndGlobalSection
	GlobalSection(ExtensibilityGlobals) = postSolution
		SolutionGuid = {2EEC2D21-90B2-41AB-A965-215C0F269211}
	EndGlobalSection
EndGlobal
